
Microsoft Visual Studio Solution File, Format Version 12.00
# Visual Studio 15
VisualStudioVersion = 15.0.26730.16
MinimumVisualStudioVersion = 10.0.40219.1
Project("{F184B08F-C81C-45F6-A57F-5ABD9991F28F}") = "WallPaperChanger", "WallPaperChanger\WallPaperChanger.vbproj", "{4B9BC41B-F3BD-4777-B76C-02FCC7D2A5E6}"
EndProject
Global
	GlobalSection(SolutionConfigurationPlatforms) = preSolution
		Debug|Any CPU = Debug|Any CPU
		Release|Any CPU = Release|Any CPU
	EndGlobalSection
	GlobalSection(ProjectConfigurationPlatforms) = postSolution
		{4B9BC41B-F3BD-4777-B76C-02FCC7D2A5E6}.Debug|Any CPU.ActiveCfg = Debug|Any CPU
		{4B9BC41B-F3BD-4777-B76C-02FCC7D2A5E6}.Debug|Any CPU.Build.0 = Debug|Any CPU
		{4B9BC41B-F3BD-4777-B76C-02FCC7D2A5E6}.Release|Any CPU.ActiveCfg = Release|Any CPU
		{4B9BC41B-F3BD-4777-B76C-02FCC7D2A5E6}.Release|Any CPU.Build.0 = Release|Any CPU
	EndGlobalSection
	GlobalSection(SolutionProperties) = preSolution
		HideSolutionNode = FALSE
	EndGlobalSection
	GlobalSection(ExtensibilityGlobals) = postSolution
		SolutionGuid = {EEABCF93-2B81-4734-9705-8866DFB7C5D1}
	EndGlobalSection
EndGlobal
